{
  "name": "curl-transaction-webgl2-impl",
  "version": "1.0.2",
  "lockfileVersion": 1,
  "requires": true,
  "dependencies": {
    "crypto-js": {
      "version": "3.1.9-1",
      "resolved": "https://registry.npmjs.org/crypto-js/-/crypto-js-3.1.9-1.tgz",
      "integrity": "sha1-/aGedh/Ad+Af+/3G6f38WeiAbNg="
    },
    "curl.lib.js": {
      "version": "1.0.22",
      "resolved": "https://registry.npmjs.org/curl.lib.js/-/curl.lib.js-1.0.22.tgz",
      "integrity": "sha512-XnxgXfle04cBNcW2WHh2Zg93oXm9unWlO81HEzdOZcU70xcEXw2nWRg2t9rYyAMgpy/872aeJCvF4TEi1p97Ug==",
      "requires": {
        "iota.crypto.js": "github:iotaledger/iota.crypto.js#05c5b4485ad8232fd5b9145e02fe988a035a7704"
      }
    },
    "iota.crypto.js": {
      "version": "github:iotaledger/iota.crypto.js#05c5b4485ad8232fd5b9145e02fe988a035a7704",
      "from": "github:iotaledger/iota.crypto.js",
      "requires": {
        "crypto-js": "^3.1.9-1"
      }
    }
  }
}
